
Microsoft Visual Studio Solution File, Format Version 12.00
# Visual Studio Version 18
VisualStudioVersion = 18.0.11012.119 d18.0
MinimumVisualStudioVersion = 10.0.40219.1
Project("{FAE04EC0-301F-11D3-BF4B-00C04F79EFBC}") = "BookService", "BookService\BookService.csproj", "{6804B298-6531-4EA8-924B-13BA8464A283}"
EndProject
Project("{FAE04EC0-301F-11D3-BF4B-00C04F79EFBC}") = "OrderService", "OrderService\OrderService.csproj", "{7EACF25C-B9C8-4D8B-A9A4-A74D42027371}"
EndProject
Project("{FAE04EC0-301F-11D3-BF4B-00C04F79EFBC}") = "UserService", "UserService\UserService.csproj", "{8955DDA5-18E4-4837-A5FB-6307A427986B}"
EndProject
Project("{FAE04EC0-301F-11D3-BF4B-00C04F79EFBC}") = "AuthService", "AuthService\AuthService.csproj", "{B2A3AAA6-89A0-4F4E-89B8-D901D2D5000E}"
EndProject
Project("{FAE04EC0-301F-11D3-BF4B-00C04F79EFBC}") = "InventoryService", "InventoryService\InventoryService.csproj", "{95C15F74-272B-4007-A6C4-FD5A5878F1F6}"
EndProject
Project("{FAE04EC0-301F-11D3-BF4B-00C04F79EFBC}") = "ApiGateway", "ApiGateway\ApiGateway.csproj", "{ABE66B30-BD47-A7B2-B17B-5BA67959B026}"
EndProject
Project("{2150E333-8FDC-42A3-9474-1A3956D46DE8}") = "Solution Items", "Solution Items", "{E1A17C8C-6D07-4649-8144-C1B0B1F72C37}"
	ProjectSection(SolutionItems) = preProject
		docker-compose.yml = docker-compose.yml
	EndProjectSection
EndProject
Global
	GlobalSection(SolutionConfigurationPlatforms) = preSolution
		Debug|Any CPU = Debug|Any CPU
		Debug|x64 = Debug|x64
		Debug|x86 = Debug|x86
		Release|Any CPU = Release|Any CPU
		Release|x64 = Release|x64
		Release|x86 = Release|x86
	EndGlobalSection
	GlobalSection(ProjectConfigurationPlatforms) = postSolution
		{6804B298-6531-4EA8-924B-13BA8464A283}.Debug|Any CPU.ActiveCfg = Debug|Any CPU
		{6804B298-6531-4EA8-924B-13BA8464A283}.Debug|Any CPU.Build.0 = Debug|Any CPU
		{6804B298-6531-4EA8-924B-13BA8464A283}.Debug|x64.ActiveCfg = Debug|Any CPU
		{6804B298-6531-4EA8-924B-13BA8464A283}.Debug|x64.Build.0 = Debug|Any CPU
		{6804B298-6531-4EA8-924B-13BA8464A283}.Debug|x86.ActiveCfg = Debug|Any CPU
		{6804B298-6531-4EA8-924B-13BA8464A283}.Debug|x86.Build.0 = Debug|Any CPU
		{6804B298-6531-4EA8-924B-13BA8464A283}.Release|Any CPU.ActiveCfg = Release|Any CPU
		{6804B298-6531-4EA8-924B-13BA8464A283}.Release|Any CPU.Build.0 = Release|Any CPU
		{6804B298-6531-4EA8-924B-13BA8464A283}.Release|x64.ActiveCfg = Release|Any CPU
		{6804B298-6531-4EA8-924B-13BA8464A283}.Release|x64.Build.0 = Release|Any CPU
		{6804B298-6531-4EA8-924B-13BA8464A283}.Release|x86.ActiveCfg = Release|Any CPU
		{6804B298-6531-4EA8-924B-13BA8464A283}.Release|x86.Build.0 = Release|Any CPU
		{7EACF25C-B9C8-4D8B-A9A4-A74D42027371}.Debug|Any CPU.ActiveCfg = Debug|Any CPU
		{7EACF25C-B9C8-4D8B-A9A4-A74D42027371}.Debug|Any CPU.Build.0 = Debug|Any CPU
		{7EACF25C-B9C8-4D8B-A9A4-A74D42027371}.Debug|x64.ActiveCfg = Debug|Any CPU
		{7EACF25C-B9C8-4D8B-A9A4-A74D42027371}.Debug|x64.Build.0 = Debug|Any CPU
		{7EACF25C-B9C8-4D8B-A9A4-A74D42027371}.Debug|x86.ActiveCfg = Debug|Any CPU
		{7EACF25C-B9C8-4D8B-A9A4-A74D42027371}.Debug|x86.Build.0 = Debug|Any CPU
		{7EACF25C-B9C8-4D8B-A9A4-A74D42027371}.Release|Any CPU.ActiveCfg = Release|Any CPU
		{7EACF25C-B9C8-4D8B-A9A4-A74D42027371}.Release|Any CPU.Build.0 = Release|Any CPU
		{7EACF25C-B9C8-4D8B-A9A4-A74D42027371}.Release|x64.ActiveCfg = Release|Any CPU
		{7EACF25C-B9C8-4D8B-A9A4-A74D42027371}.Release|x64.Build.0 = Release|Any CPU
		{7EACF25C-B9C8-4D8B-A9A4-A74D42027371}.Release|x86.ActiveCfg = Release|Any CPU
		{7EACF25C-B9C8-4D8B-A9A4-A74D42027371}.Release|x86.Build.0 = Release|Any CPU
		{8955DDA5-18E4-4837-A5FB-6307A427986B}.Debug|Any CPU.ActiveCfg = Debug|Any CPU
		{8955DDA5-18E4-4837-A5FB-6307A427986B}.Debug|Any CPU.Build.0 = Debug|Any CPU
		{8955DDA5-18E4-4837-A5FB-6307A427986B}.Debug|x64.ActiveCfg = Debug|Any CPU
		{8955DDA5-18E4-4837-A5FB-6307A427986B}.Debug|x64.Build.0 = Debug|Any CPU
		{8955DDA5-18E4-4837-A5FB-6307A427986B}.Debug|x86.ActiveCfg = Debug|Any CPU
		{8955DDA5-18E4-4837-A5FB-6307A427986B}.Debug|x86.Build.0 = Debug|Any CPU
		{8955DDA5-18E4-4837-A5FB-6307A427986B}.Release|Any CPU.ActiveCfg = Release|Any CPU
		{8955DDA5-18E4-4837-A5FB-6307A427986B}.Release|Any CPU.Build.0 = Release|Any CPU
		{8955DDA5-18E4-4837-A5FB-6307A427986B}.Release|x64.ActiveCfg = Release|Any CPU
		{8955DDA5-18E4-4837-A5FB-6307A427986B}.Release|x64.Build.0 = Release|Any CPU
		{8955DDA5-18E4-4837-A5FB-6307A427986B}.Release|x86.ActiveCfg = Release|Any CPU
		{8955DDA5-18E4-4837-A5FB-6307A427986B}.Release|x86.Build.0 = Release|Any CPU
		{B2A3AAA6-89A0-4F4E-89B8-D901D2D5000E}.Debug|Any CPU.ActiveCfg = Debug|Any CPU
		{B2A3AAA6-89A0-4F4E-89B8-D901D2D5000E}.Debug|Any CPU.Build.0 = Debug|Any CPU
		{B2A3AAA6-89A0-4F4E-89B8-D901D2D5000E}.Debug|x64.ActiveCfg = Debug|Any CPU
		{B2A3AAA6-89A0-4F4E-89B8-D901D2D5000E}.Debug|x64.Build.0 = Debug|Any CPU
		{B2A3AAA6-89A0-4F4E-89B8-D901D2D5000E}.Debug|x86.ActiveCfg = Debug|Any CPU
		{B2A3AAA6-89A0-4F4E-89B8-D901D2D5000E}.Debug|x86.Build.0 = Debug|Any CPU
		{B2A3AAA6-89A0-4F4E-89B8-D901D2D5000E}.Release|Any CPU.ActiveCfg = Release|Any CPU
		{B2A3AAA6-89A0-4F4E-89B8-D901D2D5000E}.Release|Any CPU.Build.0 = Release|Any CPU
		{B2A3AAA6-89A0-4F4E-89B8-D901D2D5000E}.Release|x64.ActiveCfg = Release|Any CPU
		{B2A3AAA6-89A0-4F4E-89B8-D901D2D5000E}.Release|x64.Build.0 = Release|Any CPU
		{B2A3AAA6-89A0-4F4E-89B8-D901D2D5000E}.Release|x86.ActiveCfg = Release|Any CPU
		{B2A3AAA6-89A0-4F4E-89B8-D901D2D5000E}.Release|x86.Build.0 = Release|Any CPU
		{95C15F74-272B-4007-A6C4-FD5A5878F1F6}.Debug|Any CPU.ActiveCfg = Debug|Any CPU
		{95C15F74-272B-4007-A6C4-FD5A5878F1F6}.Debug|Any CPU.Build.0 = Debug|Any CPU
		{95C15F74-272B-4007-A6C4-FD5A5878F1F6}.Debug|x64.ActiveCfg = Debug|Any CPU
		{95C15F74-272B-4007-A6C4-FD5A5878F1F6}.Debug|x64.Build.0 = Debug|Any CPU
		{95C15F74-272B-4007-A6C4-FD5A5878F1F6}.Debug|x86.ActiveCfg = Debug|Any CPU
		{95C15F74-272B-4007-A6C4-FD5A5878F1F6}.Debug|x86.Build.0 = Debug|Any CPU
		{95C15F74-272B-4007-A6C4-FD5A5878F1F6}.Release|Any CPU.ActiveCfg = Release|Any CPU
		{95C15F74-272B-4007-A6C4-FD5A5878F1F6}.Release|Any CPU.Build.0 = Release|Any CPU
		{95C15F74-272B-4007-A6C4-FD5A5878F1F6}.Release|x64.ActiveCfg = Release|Any CPU
		{95C15F74-272B-4007-A6C4-FD5A5878F1F6}.Release|x64.Build.0 = Release|Any CPU
		{95C15F74-272B-4007-A6C4-FD5A5878F1F6}.Release|x86.ActiveCfg = Release|Any CPU
		{95C15F74-272B-4007-A6C4-FD5A5878F1F6}.Release|x86.Build.0 = Release|Any CPU
		{ABE66B30-BD47-A7B2-B17B-5BA67959B026}.Debug|Any CPU.ActiveCfg = Debug|Any CPU
		{ABE66B30-BD47-A7B2-B17B-5BA67959B026}.Debug|Any CPU.Build.0 = Debug|Any CPU
		{ABE66B30-BD47-A7B2-B17B-5BA67959B026}.Debug|x64.ActiveCfg = Debug|Any CPU
		{ABE66B30-BD47-A7B2-B17B-5BA67959B026}.Debug|x64.Build.0 = Debug|Any CPU
		{ABE66B30-BD47-A7B2-B17B-5BA67959B026}.Debug|x86.ActiveCfg = Debug|Any CPU
		{ABE66B30-BD47-A7B2-B17B-5BA67959B026}.Debug|x86.Build.0 = Debug|Any CPU
		{ABE66B30-BD47-A7B2-B17B-5BA67959B026}.Release|Any CPU.ActiveCfg = Release|Any CPU
		{ABE66B30-BD47-A7B2-B17B-5BA67959B026}.Release|Any CPU.Build.0 = Release|Any CPU
		{ABE66B30-BD47-A7B2-B17B-5BA67959B026}.Release|x64.ActiveCfg = Release|Any CPU
		{ABE66B30-BD47-A7B2-B17B-5BA67959B026}.Release|x64.Build.0 = Release|Any CPU
		{ABE66B30-BD47-A7B2-B17B-5BA67959B026}.Release|x86.ActiveCfg = Release|Any CPU
		{ABE66B30-BD47-A7B2-B17B-5BA67959B026}.Release|x86.Build.0 = Release|Any CPU
	EndGlobalSection
	GlobalSection(SolutionProperties) = preSolution
		HideSolutionNode = FALSE
	EndGlobalSection
	GlobalSection(ExtensibilityGlobals) = postSolution
		SolutionGuid = {AAAE3A76-556F-4C61-8A9B-C2E9A0258065}
	EndGlobalSection
EndGlobal
